<?xml version="1.0" encoding="utf-8"?>
<Project ToolsVersion="16.0" xmlns="http://schemas.microsoft.com/developer/msbuild/2003">
  <ItemGroup>
    <CustomBuild Include="C:\Users\SHTbIK\Desktop\стакон\кг\Lab2\CMake_Lighting\CMakeLists.txt">
      <Filter>Other Files</Filter>
    </CustomBuild>
  </ItemGroup>
  <ItemGroup>
    <Filter Include="Other Files">
      <UniqueIdentifier>{7737DD08-5B87-3730-B7E6-E7562A01011F}</UniqueIdentifier>
    </Filter>
  </ItemGroup>
</Project>
